
Microsoft Visual Studio Solution File, Format Version 12.00
# Visual Studio 15
VisualStudioVersion = 15.0.27703.2035
MinimumVisualStudioVersion = 10.0.40219.1
Project("{FAE04EC0-301F-11D3-BF4B-00C04F79EFBC}") = "Assistant", "Assistant\Assistant.csproj", "{E1C941EF-8140-49DB-81F4-456A9573F8A0}"
EndProject
Global
	GlobalSection(SolutionConfigurationPlatforms) = preSolution
		Debug|Any CPU = Debug|Any CPU
		Release|Any CPU = Release|Any CPU
	EndGlobalSection
	GlobalSection(ProjectConfigurationPlatforms) = postSolution
		{E1C941EF-8140-49DB-81F4-456A9573F8A0}.Debug|Any CPU.ActiveCfg = Debug|Any CPU
		{E1C941EF-8140-49DB-81F4-456A9573F8A0}.Debug|Any CPU.Build.0 = Debug|Any CPU
		{E1C941EF-8140-49DB-81F4-456A9573F8A0}.Release|Any CPU.ActiveCfg = Release|Any CPU
		{E1C941EF-8140-49DB-81F4-456A9573F8A0}.Release|Any CPU.Build.0 = Release|Any CPU
	EndGlobalSection
	GlobalSection(SolutionProperties) = preSolution
		HideSolutionNode = FALSE
	EndGlobalSection
	GlobalSection(ExtensibilityGlobals) = postSolution
		SolutionGuid = {8C0D2BA7-A63D-432D-9B62-38CFA1F9DAC9}
	EndGlobalSection
EndGlobal
